
Microsoft Visual Studio Solution File, Format Version 12.00
# Visual Studio Version 17
VisualStudioVersion = 17.7.34031.279
MinimumVisualStudioVersion = 10.0.40219.1
Project("{FAE04EC0-301F-11D3-BF4B-00C04F79EFBC}") = "BankApp.Domain", "BankApp.Domain\BankApp.Domain.csproj", "{3AB73E4A-F0BC-4DCC-9D5E-CEFE6E28295E}"
EndProject
Project("{FAE04EC0-301F-11D3-BF4B-00C04F79EFBC}") = "BankApp.Persistence", "BankApp.Persistence\BankApp.Persistence.csproj", "{EAB66BCC-7EEE-42A5-802A-FD15D0B782C1}"
EndProject
Global
	GlobalSection(SolutionConfigurationPlatforms) = preSolution
		Debug|Any CPU = Debug|Any CPU
		Release|Any CPU = Release|Any CPU
	EndGlobalSection
	GlobalSection(ProjectConfigurationPlatforms) = postSolution
		{3AB73E4A-F0BC-4DCC-9D5E-CEFE6E28295E}.Debug|Any CPU.ActiveCfg = Debug|Any CPU
		{3AB73E4A-F0BC-4DCC-9D5E-CEFE6E28295E}.Debug|Any CPU.Build.0 = Debug|Any CPU
		{3AB73E4A-F0BC-4DCC-9D5E-CEFE6E28295E}.Release|Any CPU.ActiveCfg = Release|Any CPU
		{3AB73E4A-F0BC-4DCC-9D5E-CEFE6E28295E}.Release|Any CPU.Build.0 = Release|Any CPU
		{EAB66BCC-7EEE-42A5-802A-FD15D0B782C1}.Debug|Any CPU.ActiveCfg = Debug|Any CPU
		{EAB66BCC-7EEE-42A5-802A-FD15D0B782C1}.Debug|Any CPU.Build.0 = Debug|Any CPU
		{EAB66BCC-7EEE-42A5-802A-FD15D0B782C1}.Release|Any CPU.ActiveCfg = Release|Any CPU
		{EAB66BCC-7EEE-42A5-802A-FD15D0B782C1}.Release|Any CPU.Build.0 = Release|Any CPU
	EndGlobalSection
	GlobalSection(SolutionProperties) = preSolution
		HideSolutionNode = FALSE
	EndGlobalSection
	GlobalSection(ExtensibilityGlobals) = postSolution
		SolutionGuid = {839DA650-56F7-42F4-99A7-4BD1C45293B2}
	EndGlobalSection
EndGlobal
