
Microsoft Visual Studio Solution File, Format Version 12.00
# Visual Studio Version 17
VisualStudioVersion = 17.7.34031.279
MinimumVisualStudioVersion = 10.0.40219.1
Project("{FAE04EC0-301F-11D3-BF4B-00C04F79EFBC}") = "CarApp.Domain", "Car_WebAPI.Domain\CarApp.Domain.csproj", "{75AF76AF-9E76-4405-8432-A7AC01D856E4}"
EndProject
Global
	GlobalSection(SolutionConfigurationPlatforms) = preSolution
		Debug|Any CPU = Debug|Any CPU
		Release|Any CPU = Release|Any CPU
	EndGlobalSection
	GlobalSection(ProjectConfigurationPlatforms) = postSolution
		{75AF76AF-9E76-4405-8432-A7AC01D856E4}.Debug|Any CPU.ActiveCfg = Debug|Any CPU
		{75AF76AF-9E76-4405-8432-A7AC01D856E4}.Debug|Any CPU.Build.0 = Debug|Any CPU
		{75AF76AF-9E76-4405-8432-A7AC01D856E4}.Release|Any CPU.ActiveCfg = Release|Any CPU
		{75AF76AF-9E76-4405-8432-A7AC01D856E4}.Release|Any CPU.Build.0 = Release|Any CPU
	EndGlobalSection
	GlobalSection(SolutionProperties) = preSolution
		HideSolutionNode = FALSE
	EndGlobalSection
	GlobalSection(ExtensibilityGlobals) = postSolution
		SolutionGuid = {079D49C0-ABBD-42C1-B6CE-597310576FD4}
	EndGlobalSection
EndGlobal
