
Microsoft Visual Studio Solution File, Format Version 12.00
# Visual Studio Version 17
VisualStudioVersion = 17.6.33723.286
MinimumVisualStudioVersion = 10.0.40219.1
Project("{FAE04EC0-301F-11D3-BF4B-00C04F79EFBC}") = "PrinterInterface", "PrinterInterface.csproj", "{111CC709-2F1F-43A8-9903-EE1790960D20}"
EndProject
Global
	GlobalSection(SolutionConfigurationPlatforms) = preSolution
		Debug|Any CPU = Debug|Any CPU
		Release|Any CPU = Release|Any CPU
	EndGlobalSection
	GlobalSection(ProjectConfigurationPlatforms) = postSolution
		{111CC709-2F1F-43A8-9903-EE1790960D20}.Debug|Any CPU.ActiveCfg = Debug|Any CPU
		{111CC709-2F1F-43A8-9903-EE1790960D20}.Debug|Any CPU.Build.0 = Debug|Any CPU
		{111CC709-2F1F-43A8-9903-EE1790960D20}.Release|Any CPU.ActiveCfg = Release|Any CPU
		{111CC709-2F1F-43A8-9903-EE1790960D20}.Release|Any CPU.Build.0 = Release|Any CPU
	EndGlobalSection
	GlobalSection(SolutionProperties) = preSolution
		HideSolutionNode = FALSE
	EndGlobalSection
	GlobalSection(ExtensibilityGlobals) = postSolution
		SolutionGuid = {807E8596-D1FB-448A-8ED5-10E0E0DED7B1}
	EndGlobalSection
EndGlobal
