
Microsoft Visual Studio Solution File, Format Version 12.00
# Visual Studio Version 17
VisualStudioVersion = 17.6.33723.286
MinimumVisualStudioVersion = 10.0.40219.1
Project("{FAE04EC0-301F-11D3-BF4B-00C04F79EFBC}") = "ProductTransportApp", "ProductTransportApp.csproj", "{F6B78B84-CB63-462D-8656-A05D9C8CAB06}"
EndProject
Global
	GlobalSection(SolutionConfigurationPlatforms) = preSolution
		Debug|Any CPU = Debug|Any CPU
		Release|Any CPU = Release|Any CPU
	EndGlobalSection
	GlobalSection(ProjectConfigurationPlatforms) = postSolution
		{F6B78B84-CB63-462D-8656-A05D9C8CAB06}.Debug|Any CPU.ActiveCfg = Debug|Any CPU
		{F6B78B84-CB63-462D-8656-A05D9C8CAB06}.Debug|Any CPU.Build.0 = Debug|Any CPU
		{F6B78B84-CB63-462D-8656-A05D9C8CAB06}.Release|Any CPU.ActiveCfg = Release|Any CPU
		{F6B78B84-CB63-462D-8656-A05D9C8CAB06}.Release|Any CPU.Build.0 = Release|Any CPU
	EndGlobalSection
	GlobalSection(SolutionProperties) = preSolution
		HideSolutionNode = FALSE
	EndGlobalSection
	GlobalSection(ExtensibilityGlobals) = postSolution
		SolutionGuid = {EB04B25A-ABD8-410E-86BA-2C0A3EC85EB0}
	EndGlobalSection
EndGlobal
