
Microsoft Visual Studio Solution File, Format Version 12.00
# Visual Studio Version 17
VisualStudioVersion = 17.7.34031.279
MinimumVisualStudioVersion = 10.0.40219.1
Project("{FAE04EC0-301F-11D3-BF4B-00C04F79EFBC}") = "OOP_TextProject", "OOP_TextProject.csproj", "{409AFBE8-50E3-4EAC-BB92-1857B2544619}"
EndProject
Global
	GlobalSection(SolutionConfigurationPlatforms) = preSolution
		Debug|Any CPU = Debug|Any CPU
		Release|Any CPU = Release|Any CPU
	EndGlobalSection
	GlobalSection(ProjectConfigurationPlatforms) = postSolution
		{409AFBE8-50E3-4EAC-BB92-1857B2544619}.Debug|Any CPU.ActiveCfg = Debug|Any CPU
		{409AFBE8-50E3-4EAC-BB92-1857B2544619}.Debug|Any CPU.Build.0 = Debug|Any CPU
		{409AFBE8-50E3-4EAC-BB92-1857B2544619}.Release|Any CPU.ActiveCfg = Release|Any CPU
		{409AFBE8-50E3-4EAC-BB92-1857B2544619}.Release|Any CPU.Build.0 = Release|Any CPU
	EndGlobalSection
	GlobalSection(SolutionProperties) = preSolution
		HideSolutionNode = FALSE
	EndGlobalSection
	GlobalSection(ExtensibilityGlobals) = postSolution
		SolutionGuid = {38118A83-30F1-4473-9BCE-57CC10BAAE8D}
	EndGlobalSection
EndGlobal
