
Microsoft Visual Studio Solution File, Format Version 12.00
# Visual Studio Version 17
VisualStudioVersion = 17.7.34031.279
MinimumVisualStudioVersion = 10.0.40219.1
Project("{FAE04EC0-301F-11D3-BF4B-00C04F79EFBC}") = "CarMatic.Shared", "CarMatic.Shared\CarMatic.Shared.csproj", "{4BA88393-7A06-478B-8E7A-238978A7E291}"
EndProject
Project("{FAE04EC0-301F-11D3-BF4B-00C04F79EFBC}") = "CarMatik.Domain", "CarMatik.Domain\CarMatik.Domain.csproj", "{05054ED0-3987-4F4D-94BF-9C3768982338}"
EndProject
Global
	GlobalSection(SolutionConfigurationPlatforms) = preSolution
		Debug|Any CPU = Debug|Any CPU
		Release|Any CPU = Release|Any CPU
	EndGlobalSection
	GlobalSection(ProjectConfigurationPlatforms) = postSolution
		{4BA88393-7A06-478B-8E7A-238978A7E291}.Debug|Any CPU.ActiveCfg = Debug|Any CPU
		{4BA88393-7A06-478B-8E7A-238978A7E291}.Debug|Any CPU.Build.0 = Debug|Any CPU
		{4BA88393-7A06-478B-8E7A-238978A7E291}.Release|Any CPU.ActiveCfg = Release|Any CPU
		{4BA88393-7A06-478B-8E7A-238978A7E291}.Release|Any CPU.Build.0 = Release|Any CPU
		{05054ED0-3987-4F4D-94BF-9C3768982338}.Debug|Any CPU.ActiveCfg = Debug|Any CPU
		{05054ED0-3987-4F4D-94BF-9C3768982338}.Debug|Any CPU.Build.0 = Debug|Any CPU
		{05054ED0-3987-4F4D-94BF-9C3768982338}.Release|Any CPU.ActiveCfg = Release|Any CPU
		{05054ED0-3987-4F4D-94BF-9C3768982338}.Release|Any CPU.Build.0 = Release|Any CPU
	EndGlobalSection
	GlobalSection(SolutionProperties) = preSolution
		HideSolutionNode = FALSE
	EndGlobalSection
	GlobalSection(ExtensibilityGlobals) = postSolution
		SolutionGuid = {E713761D-6C8A-43BF-854E-C6538306A1BE}
	EndGlobalSection
EndGlobal
