
Microsoft Visual Studio Solution File, Format Version 12.00
# Visual Studio Version 17
VisualStudioVersion = 17.6.33723.286
MinimumVisualStudioVersion = 10.0.40219.1
Project("{9A19103F-16F7-4668-BE54-9A1E7A4F7556}") = "CalenderApp", "CalenderApp.csproj", "{546925EB-6BF0-433A-B53F-51750BC76610}"
EndProject
Global
	GlobalSection(SolutionConfigurationPlatforms) = preSolution
		Debug|Any CPU = Debug|Any CPU
		Release|Any CPU = Release|Any CPU
	EndGlobalSection
	GlobalSection(ProjectConfigurationPlatforms) = postSolution
		{546925EB-6BF0-433A-B53F-51750BC76610}.Debug|Any CPU.ActiveCfg = Debug|Any CPU
		{546925EB-6BF0-433A-B53F-51750BC76610}.Debug|Any CPU.Build.0 = Debug|Any CPU
		{546925EB-6BF0-433A-B53F-51750BC76610}.Release|Any CPU.ActiveCfg = Release|Any CPU
		{546925EB-6BF0-433A-B53F-51750BC76610}.Release|Any CPU.Build.0 = Release|Any CPU
	EndGlobalSection
	GlobalSection(SolutionProperties) = preSolution
		HideSolutionNode = FALSE
	EndGlobalSection
	GlobalSection(ExtensibilityGlobals) = postSolution
		SolutionGuid = {12301D3B-1B03-41A3-BFC4-ACDA41390230}
	EndGlobalSection
EndGlobal
