
Microsoft Visual Studio Solution File, Format Version 12.00
# Visual Studio Version 17
VisualStudioVersion = 17.7.34031.279
MinimumVisualStudioVersion = 10.0.40219.1
Project("{FAE04EC0-301F-11D3-BF4B-00C04F79EFBC}") = "CarRentalPro", "CarRentalPro\CarRentalPro.csproj", "{0F7790AF-AEA7-42B5-ACAC-8209CF263148}"
EndProject
Global
	GlobalSection(SolutionConfigurationPlatforms) = preSolution
		Debug|Any CPU = Debug|Any CPU
		Release|Any CPU = Release|Any CPU
	EndGlobalSection
	GlobalSection(ProjectConfigurationPlatforms) = postSolution
		{0F7790AF-AEA7-42B5-ACAC-8209CF263148}.Debug|Any CPU.ActiveCfg = Debug|Any CPU
		{0F7790AF-AEA7-42B5-ACAC-8209CF263148}.Debug|Any CPU.Build.0 = Debug|Any CPU
		{0F7790AF-AEA7-42B5-ACAC-8209CF263148}.Release|Any CPU.ActiveCfg = Release|Any CPU
		{0F7790AF-AEA7-42B5-ACAC-8209CF263148}.Release|Any CPU.Build.0 = Release|Any CPU
	EndGlobalSection
	GlobalSection(SolutionProperties) = preSolution
		HideSolutionNode = FALSE
	EndGlobalSection
	GlobalSection(ExtensibilityGlobals) = postSolution
		SolutionGuid = {C316CBA4-891E-4EB3-A342-8A26C2B55DE6}
	EndGlobalSection
EndGlobal
