
Microsoft Visual Studio Solution File, Format Version 12.00
# Visual Studio Version 17
VisualStudioVersion = 17.6.33723.286
MinimumVisualStudioVersion = 10.0.40219.1
Project("{FAE04EC0-301F-11D3-BF4B-00C04F79EFBC}") = "FreelencerApp", "FreelencerApp.csproj", "{3A471BF6-93C5-4671-B121-3EF7F237D54D}"
EndProject
Global
	GlobalSection(SolutionConfigurationPlatforms) = preSolution
		Debug|Any CPU = Debug|Any CPU
		Release|Any CPU = Release|Any CPU
	EndGlobalSection
	GlobalSection(ProjectConfigurationPlatforms) = postSolution
		{3A471BF6-93C5-4671-B121-3EF7F237D54D}.Debug|Any CPU.ActiveCfg = Debug|Any CPU
		{3A471BF6-93C5-4671-B121-3EF7F237D54D}.Debug|Any CPU.Build.0 = Debug|Any CPU
		{3A471BF6-93C5-4671-B121-3EF7F237D54D}.Release|Any CPU.ActiveCfg = Release|Any CPU
		{3A471BF6-93C5-4671-B121-3EF7F237D54D}.Release|Any CPU.Build.0 = Release|Any CPU
	EndGlobalSection
	GlobalSection(SolutionProperties) = preSolution
		HideSolutionNode = FALSE
	EndGlobalSection
	GlobalSection(ExtensibilityGlobals) = postSolution
		SolutionGuid = {65CDDBD5-C2CC-4CE8-B257-FEE96CDE4BD2}
	EndGlobalSection
EndGlobal
